{
  "name": "transcendence-4",
  "lockfileVersion": 3,
  "requires": true,
  "packages": {
    "": {
      "dependencies": {
        "@bundled-es-modules/axios": "^0.27.2"
      }
    },
    "node_modules/@bundled-es-modules/axios": {
      "version": "0.27.2",
      "resolved": "https://registry.npmjs.org/@bundled-es-modules/axios/-/axios-0.27.2.tgz",
      "integrity": "sha512-PO/CUWB4KzesrPCHgpoLWBTl6v0jXdod84msF6J/8KyaK+BHahnfv1FvMCJpUnpdP2naMhIIBOzMl1ydBZmCRA=="
    }
  }
}
